// !$*UTF8*$!
{
	archiveVersion = 1;
	classes = {
	};
	objectVersion = 50;
	objects = {

/* Begin PBXBuildFile section */
		A21DAF9B22D825EB002B7E52 /* AppDelegate.m in Sources */ = {isa = PBXBuildFile; fileRef = A21DAF9A22D825EB002B7E52 /* AppDelegate.m */; };
		A21DAF9D22D825ED002B7E52 /* Assets.xcassets in Resources */ = {isa = PBXBuildFile; fileRef = A21DAF9C22D825ED002B7E52 /* Assets.xcassets */; };
		A21DAFA022D825ED002B7E52 /* MainMenu.xib in Resources */ = {isa = PBXBuildFile; fileRef = A21DAF9E22D825ED002B7E52 /* MainMenu.xib */; };
		A21DAFA322D825ED002B7E52 /* main.m in Sources */ = {isa = PBXBuildFile; fileRef = A21DAFA222D825ED002B7E52 /* main.m */; };
		A21DAFB022D831FB002B7E52 /* paster@2x.png in Resources */ = {isa = PBXBuildFile; fileRef = A21DAFAE22D831FB002B7E52 /* paster@2x.png */; };
		A21DAFB122D831FB002B7E52 /* paster.png in Resources */ = {isa = PBXBuildFile; fileRef = A21DAFAF22D831FB002B7E52 /* paster.png */; };
		A21DAFB422D83440002B7E52 /* PasterMenuController.m in Sources */ = {isa = PBXBuildFile; fileRef = A21DAFB322D83440002B7E52 /* PasterMenuController.m */; };
		A21DAFB722D83C80002B7E52 /* HistoryCell.m in Sources */ = {isa = PBXBuildFile; fileRef = A21DAFB622D83C80002B7E52 /* HistoryCell.m */; };
		A21DAFBA22D83D91002B7E52 /* HistoryMenuItem.m in Sources */ = {isa = PBXBuildFile; fileRef = A21DAFB922D83D91002B7E52 /* HistoryMenuItem.m */; };
		A21DAFBC22D83EE6002B7E52 /* HistoryCell.xib in Resources */ = {isa = PBXBuildFile; fileRef = A21DAFBB22D83EE6002B7E52 /* HistoryCell.xib */; };
		A21DAFBF22D84476002B7E52 /* PasteWatcher.m in Sources */ = {isa = PBXBuildFile; fileRef = A21DAFBE22D84476002B7E52 /* PasteWatcher.m */; };
		A2285B9B22E05E64006B8C32 /* GitHubReleaseAsset.m in Sources */ = {isa = PBXBuildFile; fileRef = A2285B7822E05E64006B8C32 /* GitHubReleaseAsset.m */; };
		A2285B9C22E05E64006B8C32 /* Install.pdf in Resources */ = {isa = PBXBuildFile; fileRef = A2285B7C22E05E64006B8C32 /* Install.pdf */; };
		A2285B9D22E05E64006B8C32 /* GitHubTemplate.pdf in Resources */ = {isa = PBXBuildFile; fileRef = A2285B7D22E05E64006B8C32 /* GitHubTemplate.pdf */; };
		A2285B9E22E05E64006B8C32 /* GitHubProgressWindowController.xib in Resources */ = {isa = PBXBuildFile; fileRef = A2285B7E22E05E64006B8C32 /* GitHubProgressWindowController.xib */; };
		A2285B9F22E05E64006B8C32 /* GitHubInstallWindowController.xib in Resources */ = {isa = PBXBuildFile; fileRef = A2285B8022E05E64006B8C32 /* GitHubInstallWindowController.xib */; };
		A2285BA022E05E64006B8C32 /* NSError+GitHubUpdates.m in Sources */ = {isa = PBXBuildFile; fileRef = A2285B8422E05E64006B8C32 /* NSError+GitHubUpdates.m */; };
		A2285BA122E05E64006B8C32 /* Pair.m in Sources */ = {isa = PBXBuildFile; fileRef = A2285B8522E05E64006B8C32 /* Pair.m */; };
		A2285BA222E05E64006B8C32 /* GitHubVersion.m in Sources */ = {isa = PBXBuildFile; fileRef = A2285B8622E05E64006B8C32 /* GitHubVersion.m */; };
		A2285BA322E05E64006B8C32 /* NSBundle+GitHubUpdates.m in Sources */ = {isa = PBXBuildFile; fileRef = A2285B8722E05E64006B8C32 /* NSBundle+GitHubUpdates.m */; };
		A2285BA422E05E64006B8C32 /* NSMutableAttributedString+GitHubUpdates.m in Sources */ = {isa = PBXBuildFile; fileRef = A2285B8822E05E64006B8C32 /* NSMutableAttributedString+GitHubUpdates.m */; };
		A2285BA522E05E64006B8C32 /* GitHubRelease.m in Sources */ = {isa = PBXBuildFile; fileRef = A2285B8B22E05E64006B8C32 /* GitHubRelease.m */; };
		A2285BA622E05E64006B8C32 /* GitHubUpdater.m in Sources */ = {isa = PBXBuildFile; fileRef = A2285B8C22E05E64006B8C32 /* GitHubUpdater.m */; };
		A2285BA722E05E64006B8C32 /* NSString+GitHubUpdates.m in Sources */ = {isa = PBXBuildFile; fileRef = A2285B8D22E05E64006B8C32 /* NSString+GitHubUpdates.m */; };
		A2285BA822E05E64006B8C32 /* GitHubProgressWindowController.m in Sources */ = {isa = PBXBuildFile; fileRef = A2285B9222E05E64006B8C32 /* GitHubProgressWindowController.m */; };
		A2285BA922E05E64006B8C32 /* NSAttributedString+GitHubUpdates.m in Sources */ = {isa = PBXBuildFile; fileRef = A2285B9322E05E64006B8C32 /* NSAttributedString+GitHubUpdates.m */; };
		A2285BAA22E05E64006B8C32 /* GitHubInstallWindowController.m in Sources */ = {isa = PBXBuildFile; fileRef = A2285B9422E05E64006B8C32 /* GitHubInstallWindowController.m */; };
		A2285BAB22E05E64006B8C32 /* Info.plist in Resources */ = {isa = PBXBuildFile; fileRef = A2285B9922E05E64006B8C32 /* Info.plist */; };
/* End PBXBuildFile section */

/* Begin PBXFileReference section */
		A21DAF9622D825EB002B7E52 /* Paster.app */ = {isa = PBXFileReference; explicitFileType = wrapper.application; includeInIndex = 0; path = Paster.app; sourceTree = BUILT_PRODUCTS_DIR; };
		A21DAF9922D825EB002B7E52 /* AppDelegate.h */ = {isa = PBXFileReference; lastKnownFileType = sourcecode.c.h; path = AppDelegate.h; sourceTree = "<group>"; };
		A21DAF9A22D825EB002B7E52 /* AppDelegate.m */ = {isa = PBXFileReference; lastKnownFileType = sourcecode.c.objc; path = AppDelegate.m; sourceTree = "<group>"; };
		A21DAF9C22D825ED002B7E52 /* Assets.xcassets */ = {isa = PBXFileReference; lastKnownFileType = folder.assetcatalog; path = Assets.xcassets; sourceTree = "<group>"; };
		A21DAF9F22D825ED002B7E52 /* Base */ = {isa = PBXFileReference; lastKnownFileType = file.xib; name = Base; path = Base.lproj/MainMenu.xib; sourceTree = "<group>"; };
		A21DAFA122D825ED002B7E52 /* Info.plist */ = {isa = PBXFileReference; lastKnownFileType = text.plist.xml; path = Info.plist; sourceTree = "<group>"; };
		A21DAFA222D825ED002B7E52 /* main.m */ = {isa = PBXFileReference; lastKnownFileType = sourcecode.c.objc; path = main.m; sourceTree = "<group>"; };
		A21DAFA422D825ED002B7E52 /* Paster.entitlements */ = {isa = PBXFileReference; lastKnownFileType = text.plist.entitlements; path = Paster.entitlements; sourceTree = "<group>"; };
		A21DAFAE22D831FB002B7E52 /* paster@2x.png */ = {isa = PBXFileReference; lastKnownFileType = image.png; path = "paster@2x.png"; sourceTree = "<group>"; };
		A21DAFAF22D831FB002B7E52 /* paster.png */ = {isa = PBXFileReference; lastKnownFileType = image.png; path = paster.png; sourceTree = "<group>"; };
		A21DAFB222D83440002B7E52 /* PasterMenuController.h */ = {isa = PBXFileReference; lastKnownFileType = sourcecode.c.h; path = PasterMenuController.h; sourceTree = "<group>"; };
		A21DAFB322D83440002B7E52 /* PasterMenuController.m */ = {isa = PBXFileReference; lastKnownFileType = sourcecode.c.objc; path = PasterMenuController.m; sourceTree = "<group>"; };
		A21DAFB522D83C80002B7E52 /* HistoryCell.h */ = {isa = PBXFileReference; lastKnownFileType = sourcecode.c.h; path = HistoryCell.h; sourceTree = "<group>"; };
		A21DAFB622D83C80002B7E52 /* HistoryCell.m */ = {isa = PBXFileReference; lastKnownFileType = sourcecode.c.objc; path = HistoryCell.m; sourceTree = "<group>"; };
		A21DAFB822D83D91002B7E52 /* HistoryMenuItem.h */ = {isa = PBXFileReference; lastKnownFileType = sourcecode.c.h; path = HistoryMenuItem.h; sourceTree = "<group>"; };
		A21DAFB922D83D91002B7E52 /* HistoryMenuItem.m */ = {isa = PBXFileReference; lastKnownFileType = sourcecode.c.objc; path = HistoryMenuItem.m; sourceTree = "<group>"; };
		A21DAFBB22D83EE6002B7E52 /* HistoryCell.xib */ = {isa = PBXFileReference; lastKnownFileType = file.xib; path = HistoryCell.xib; sourceTree = "<group>"; };
		A21DAFBD22D84476002B7E52 /* PasteWatcher.h */ = {isa = PBXFileReference; lastKnownFileType = sourcecode.c.h; path = PasteWatcher.h; sourceTree = "<group>"; };
		A21DAFBE22D84476002B7E52 /* PasteWatcher.m */ = {isa = PBXFileReference; lastKnownFileType = sourcecode.c.objc; path = PasteWatcher.m; sourceTree = "<group>"; };
		A2285B7822E05E64006B8C32 /* GitHubReleaseAsset.m */ = {isa = PBXFileReference; fileEncoding = 4; lastKnownFileType = sourcecode.c.objc; path = GitHubReleaseAsset.m; sourceTree = "<group>"; };
		A2285B7922E05E64006B8C32 /* NSString+GitHubUpdates.h */ = {isa = PBXFileReference; fileEncoding = 4; lastKnownFileType = sourcecode.c.h; path = "NSString+GitHubUpdates.h"; sourceTree = "<group>"; };
		A2285B7C22E05E64006B8C32 /* Install.pdf */ = {isa = PBXFileReference; lastKnownFileType = image.pdf; path = Install.pdf; sourceTree = "<group>"; };
		A2285B7D22E05E64006B8C32 /* GitHubTemplate.pdf */ = {isa = PBXFileReference; lastKnownFileType = image.pdf; path = GitHubTemplate.pdf; sourceTree = "<group>"; };
		A2285B7F22E05E64006B8C32 /* Base */ = {isa = PBXFileReference; lastKnownFileType = file.xib; name = Base; path = Base.lproj/GitHubProgressWindowController.xib; sourceTree = "<group>"; };
		A2285B8122E05E64006B8C32 /* Base */ = {isa = PBXFileReference; lastKnownFileType = file.xib; name = Base; path = Base.lproj/GitHubInstallWindowController.xib; sourceTree = "<group>"; };
		A2285B8222E05E64006B8C32 /* GitHubUpdater.h */ = {isa = PBXFileReference; fileEncoding = 4; lastKnownFileType = sourcecode.c.h; path = GitHubUpdater.h; sourceTree = "<group>"; };
		A2285B8322E05E64006B8C32 /* GitHubProgressWindowController.h */ = {isa = PBXFileReference; fileEncoding = 4; lastKnownFileType = sourcecode.c.h; path = GitHubProgressWindowController.h; sourceTree = "<group>"; };
		A2285B8422E05E64006B8C32 /* NSError+GitHubUpdates.m */ = {isa = PBXFileReference; fileEncoding = 4; lastKnownFileType = sourcecode.c.objc; path = "NSError+GitHubUpdates.m"; sourceTree = "<group>"; };
		A2285B8522E05E64006B8C32 /* Pair.m */ = {isa = PBXFileReference; fileEncoding = 4; lastKnownFileType = sourcecode.c.objc; path = Pair.m; sourceTree = "<group>"; };
		A2285B8622E05E64006B8C32 /* GitHubVersion.m */ = {isa = PBXFileReference; fileEncoding = 4; lastKnownFileType = sourcecode.c.objc; path = GitHubVersion.m; sourceTree = "<group>"; };
		A2285B8722E05E64006B8C32 /* NSBundle+GitHubUpdates.m */ = {isa = PBXFileReference; fileEncoding = 4; lastKnownFileType = sourcecode.c.objc; path = "NSBundle+GitHubUpdates.m"; sourceTree = "<group>"; };
		A2285B8822E05E64006B8C32 /* NSMutableAttributedString+GitHubUpdates.m */ = {isa = PBXFileReference; fileEncoding = 4; lastKnownFileType = sourcecode.c.objc; path = "NSMutableAttributedString+GitHubUpdates.m"; sourceTree = "<group>"; };
		A2285B8922E05E64006B8C32 /* GitHubInstallWindowController.h */ = {isa = PBXFileReference; fileEncoding = 4; lastKnownFileType = sourcecode.c.h; path = GitHubInstallWindowController.h; sourceTree = "<group>"; };
		A2285B8A22E05E64006B8C32 /* NSAttributedString+GitHubUpdates.h */ = {isa = PBXFileReference; fileEncoding = 4; lastKnownFileType = sourcecode.c.h; path = "NSAttributedString+GitHubUpdates.h"; sourceTree = "<group>"; };
		A2285B8B22E05E64006B8C32 /* GitHubRelease.m */ = {isa = PBXFileReference; fileEncoding = 4; lastKnownFileType = sourcecode.c.objc; path = GitHubRelease.m; sourceTree = "<group>"; };
		A2285B8C22E05E64006B8C32 /* GitHubUpdater.m */ = {isa = PBXFileReference; fileEncoding = 4; lastKnownFileType = sourcecode.c.objc; path = GitHubUpdater.m; sourceTree = "<group>"; };
		A2285B8D22E05E64006B8C32 /* NSString+GitHubUpdates.m */ = {isa = PBXFileReference; fileEncoding = 4; lastKnownFileType = sourcecode.c.objc; path = "NSString+GitHubUpdates.m"; sourceTree = "<group>"; };
		A2285B8E22E05E64006B8C32 /* GitHubReleaseAsset.h */ = {isa = PBXFileReference; fileEncoding = 4; lastKnownFileType = sourcecode.c.h; path = GitHubReleaseAsset.h; sourceTree = "<group>"; };
		A2285B8F22E05E64006B8C32 /* Pair.h */ = {isa = PBXFileReference; fileEncoding = 4; lastKnownFileType = sourcecode.c.h; path = Pair.h; sourceTree = "<group>"; };
		A2285B9022E05E64006B8C32 /* GitHubVersion.h */ = {isa = PBXFileReference; fileEncoding = 4; lastKnownFileType = sourcecode.c.h; path = GitHubVersion.h; sourceTree = "<group>"; };
		A2285B9122E05E64006B8C32 /* NSError+GitHubUpdates.h */ = {isa = PBXFileReference; fileEncoding = 4; lastKnownFileType = sourcecode.c.h; path = "NSError+GitHubUpdates.h"; sourceTree = "<group>"; };
		A2285B9222E05E64006B8C32 /* GitHubProgressWindowController.m */ = {isa = PBXFileReference; fileEncoding = 4; lastKnownFileType = sourcecode.c.objc; path = GitHubProgressWindowController.m; sourceTree = "<group>"; };
		A2285B9322E05E64006B8C32 /* NSAttributedString+GitHubUpdates.m */ = {isa = PBXFileReference; fileEncoding = 4; lastKnownFileType = sourcecode.c.objc; path = "NSAttributedString+GitHubUpdates.m"; sourceTree = "<group>"; };
		A2285B9422E05E64006B8C32 /* GitHubInstallWindowController.m */ = {isa = PBXFileReference; fileEncoding = 4; lastKnownFileType = sourcecode.c.objc; path = GitHubInstallWindowController.m; sourceTree = "<group>"; };
		A2285B9522E05E64006B8C32 /* GitHubUpdaterDelegate.h */ = {isa = PBXFileReference; fileEncoding = 4; lastKnownFileType = sourcecode.c.h; path = GitHubUpdaterDelegate.h; sourceTree = "<group>"; };
		A2285B9622E05E64006B8C32 /* NSMutableAttributedString+GitHubUpdates.h */ = {isa = PBXFileReference; fileEncoding = 4; lastKnownFileType = sourcecode.c.h; path = "NSMutableAttributedString+GitHubUpdates.h"; sourceTree = "<group>"; };
		A2285B9722E05E64006B8C32 /* NSBundle+GitHubUpdates.h */ = {isa = PBXFileReference; fileEncoding = 4; lastKnownFileType = sourcecode.c.h; path = "NSBundle+GitHubUpdates.h"; sourceTree = "<group>"; };
		A2285B9822E05E64006B8C32 /* GitHubUpdates.h */ = {isa = PBXFileReference; fileEncoding = 4; lastKnownFileType = sourcecode.c.h; path = GitHubUpdates.h; sourceTree = "<group>"; };
		A2285B9922E05E64006B8C32 /* Info.plist */ = {isa = PBXFileReference; fileEncoding = 4; lastKnownFileType = text.plist.xml; path = Info.plist; sourceTree = "<group>"; };
		A2285B9A22E05E64006B8C32 /* GitHubRelease.h */ = {isa = PBXFileReference; fileEncoding = 4; lastKnownFileType = sourcecode.c.h; path = GitHubRelease.h; sourceTree = "<group>"; };
/* End PBXFileReference section */

/* Begin PBXFrameworksBuildPhase section */
		A21DAF9322D825EB002B7E52 /* Frameworks */ = {
			isa = PBXFrameworksBuildPhase;
			buildActionMask = 2147483647;
			files = (
			);
			runOnlyForDeploymentPostprocessing = 0;
		};
/* End PBXFrameworksBuildPhase section */

/* Begin PBXGroup section */
		A21DAF8D22D825EB002B7E52 = {
			isa = PBXGroup;
			children = (
				A21DAF9822D825EB002B7E52 /* Paster */,
				A21DAF9722D825EB002B7E52 /* Products */,
			);
			sourceTree = "<group>";
		};
		A21DAF9722D825EB002B7E52 /* Products */ = {
			isa = PBXGroup;
			children = (
				A21DAF9622D825EB002B7E52 /* Paster.app */,
			);
			name = Products;
			sourceTree = "<group>";
		};
		A21DAF9822D825EB002B7E52 /* Paster */ = {
			isa = PBXGroup;
			children = (
				A21DAFC322D86246002B7E52 /* Vendor */,
				A21DAF9922D825EB002B7E52 /* AppDelegate.h */,
				A21DAF9A22D825EB002B7E52 /* AppDelegate.m */,
				A21DAF9C22D825ED002B7E52 /* Assets.xcassets */,
				A21DAF9E22D825ED002B7E52 /* MainMenu.xib */,
				A21DAFA122D825ED002B7E52 /* Info.plist */,
				A21DAFA222D825ED002B7E52 /* main.m */,
				A21DAFAF22D831FB002B7E52 /* paster.png */,
				A21DAFAE22D831FB002B7E52 /* paster@2x.png */,
				A21DAFA422D825ED002B7E52 /* Paster.entitlements */,
				A21DAFB222D83440002B7E52 /* PasterMenuController.h */,
				A21DAFB322D83440002B7E52 /* PasterMenuController.m */,
				A21DAFB822D83D91002B7E52 /* HistoryMenuItem.h */,
				A21DAFB922D83D91002B7E52 /* HistoryMenuItem.m */,
				A21DAFB522D83C80002B7E52 /* HistoryCell.h */,
				A21DAFB622D83C80002B7E52 /* HistoryCell.m */,
				A21DAFBB22D83EE6002B7E52 /* HistoryCell.xib */,
				A21DAFBD22D84476002B7E52 /* PasteWatcher.h */,
				A21DAFBE22D84476002B7E52 /* PasteWatcher.m */,
			);
			path = Paster;
			sourceTree = "<group>";
		};
		A21DAFC322D86246002B7E52 /* Vendor */ = {
			isa = PBXGroup;
			children = (
				A2285B7722E05E64006B8C32 /* GitHubUpdates */,
			);
			path = Vendor;
			sourceTree = "<group>";
		};
		A2285B7722E05E64006B8C32 /* GitHubUpdates */ = {
			isa = PBXGroup;
			children = (
				A2285B7822E05E64006B8C32 /* GitHubReleaseAsset.m */,
				A2285B7922E05E64006B8C32 /* NSString+GitHubUpdates.h */,
				A2285B7A22E05E64006B8C32 /* Interface */,
				A2285B8222E05E64006B8C32 /* GitHubUpdater.h */,
				A2285B8322E05E64006B8C32 /* GitHubProgressWindowController.h */,
				A2285B8422E05E64006B8C32 /* NSError+GitHubUpdates.m */,
				A2285B8522E05E64006B8C32 /* Pair.m */,
				A2285B8622E05E64006B8C32 /* GitHubVersion.m */,
				A2285B8722E05E64006B8C32 /* NSBundle+GitHubUpdates.m */,
				A2285B8822E05E64006B8C32 /* NSMutableAttributedString+GitHubUpdates.m */,
				A2285B8922E05E64006B8C32 /* GitHubInstallWindowController.h */,
				A2285B8A22E05E64006B8C32 /* NSAttributedString+GitHubUpdates.h */,
				A2285B8B22E05E64006B8C32 /* GitHubRelease.m */,
				A2285B8C22E05E64006B8C32 /* GitHubUpdater.m */,
				A2285B8D22E05E64006B8C32 /* NSString+GitHubUpdates.m */,
				A2285B8E22E05E64006B8C32 /* GitHubReleaseAsset.h */,
				A2285B8F22E05E64006B8C32 /* Pair.h */,
				A2285B9022E05E64006B8C32 /* GitHubVersion.h */,
				A2285B9122E05E64006B8C32 /* NSError+GitHubUpdates.h */,
				A2285B9222E05E64006B8C32 /* GitHubProgressWindowController.m */,
				A2285B9322E05E64006B8C32 /* NSAttributedString+GitHubUpdates.m */,
				A2285B9422E05E64006B8C32 /* GitHubInstallWindowController.m */,
				A2285B9522E05E64006B8C32 /* GitHubUpdaterDelegate.h */,
				A2285B9622E05E64006B8C32 /* NSMutableAttributedString+GitHubUpdates.h */,
				A2285B9722E05E64006B8C32 /* NSBundle+GitHubUpdates.h */,
				A2285B9822E05E64006B8C32 /* GitHubUpdates.h */,
				A2285B9922E05E64006B8C32 /* Info.plist */,
				A2285B9A22E05E64006B8C32 /* GitHubRelease.h */,
			);
			path = GitHubUpdates;
			sourceTree = "<group>";
		};
		A2285B7A22E05E64006B8C32 /* Interface */ = {
			isa = PBXGroup;
			children = (
				A2285B7B22E05E64006B8C32 /* Images */,
				A2285B7E22E05E64006B8C32 /* GitHubProgressWindowController.xib */,
				A2285B8022E05E64006B8C32 /* GitHubInstallWindowController.xib */,
			);
			path = Interface;
			sourceTree = "<group>";
		};
		A2285B7B22E05E64006B8C32 /* Images */ = {
			isa = PBXGroup;
			children = (
				A2285B7C22E05E64006B8C32 /* Install.pdf */,
				A2285B7D22E05E64006B8C32 /* GitHubTemplate.pdf */,
			);
			path = Images;
			sourceTree = "<group>";
		};
/* End PBXGroup section */

/* Begin PBXNativeTarget section */
		A21DAF9522D825EB002B7E52 /* Paster */ = {
			isa = PBXNativeTarget;
			buildConfigurationList = A21DAFA722D825ED002B7E52 /* Build configuration list for PBXNativeTarget "Paster" */;
			buildPhases = (
				A21DAF9222D825EB002B7E52 /* Sources */,
				A21DAF9322D825EB002B7E52 /* Frameworks */,
				A21DAF9422D825EB002B7E52 /* Resources */,
			);
			buildRules = (
			);
			dependencies = (
			);
			name = Paster;
			productName = Paster;
			productReference = A21DAF9622D825EB002B7E52 /* Paster.app */;
			productType = "com.apple.product-type.application";
		};
/* End PBXNativeTarget section */

/* Begin PBXProject section */
		A21DAF8E22D825EB002B7E52 /* Project object */ = {
			isa = PBXProject;
			attributes = {
				LastUpgradeCheck = 1010;
				ORGANIZATIONNAME = Jakey;
				TargetAttributes = {
					A21DAF9522D825EB002B7E52 = {
						CreatedOnToolsVersion = 10.1;
						SystemCapabilities = {
							com.apple.Sandbox = {
								enabled = 0;
							};
						};
					};
				};
			};
			buildConfigurationList = A21DAF9122D825EB002B7E52 /* Build configuration list for PBXProject "Paster" */;
			compatibilityVersion = "Xcode 9.3";
			developmentRegion = en;
			hasScannedForEncodings = 0;
			knownRegions = (
				en,
				Base,
			);
			mainGroup = A21DAF8D22D825EB002B7E52;
			productRefGroup = A21DAF9722D825EB002B7E52 /* Products */;
			projectDirPath = "";
			projectRoot = "";
			targets = (
				A21DAF9522D825EB002B7E52 /* Paster */,
			);
		};
/* End PBXProject section */

/* Begin PBXResourcesBuildPhase section */
		A21DAF9422D825EB002B7E52 /* Resources */ = {
			isa = PBXResourcesBuildPhase;
			buildActionMask = 2147483647;
			files = (
				A2285B9D22E05E64006B8C32 /* GitHubTemplate.pdf in Resources */,
				A21DAFBC22D83EE6002B7E52 /* HistoryCell.xib in Resources */,
				A21DAFB122D831FB002B7E52 /* paster.png in Resources */,
				A2285B9E22E05E64006B8C32 /* GitHubProgressWindowController.xib in Resources */,
				A2285B9C22E05E64006B8C32 /* Install.pdf in Resources */,
				A21DAF9D22D825ED002B7E52 /* Assets.xcassets in Resources */,
				A21DAFB022D831FB002B7E52 /* paster@2x.png in Resources */,
				A21DAFA022D825ED002B7E52 /* MainMenu.xib in Resources */,
				A2285BAB22E05E64006B8C32 /* Info.plist in Resources */,
				A2285B9F22E05E64006B8C32 /* GitHubInstallWindowController.xib in Resources */,
			);
			runOnlyForDeploymentPostprocessing = 0;
		};
/* End PBXResourcesBuildPhase section */

/* Begin PBXSourcesBuildPhase section */
		A21DAF9222D825EB002B7E52 /* Sources */ = {
			isa = PBXSourcesBuildPhase;
			buildActionMask = 2147483647;
			files = (
				A21DAFBF22D84476002B7E52 /* PasteWatcher.m in Sources */,
				A2285BA122E05E64006B8C32 /* Pair.m in Sources */,
				A2285BA022E05E64006B8C32 /* NSError+GitHubUpdates.m in Sources */,
				A21DAFA322D825ED002B7E52 /* main.m in Sources */,
				A2285BA622E05E64006B8C32 /* GitHubUpdater.m in Sources */,
				A21DAFB422D83440002B7E52 /* PasterMenuController.m in Sources */,
				A2285BA322E05E64006B8C32 /* NSBundle+GitHubUpdates.m in Sources */,
				A21DAFB722D83C80002B7E52 /* HistoryCell.m in Sources */,
				A21DAF9B22D825EB002B7E52 /* AppDelegate.m in Sources */,
				A2285BA722E05E64006B8C32 /* NSString+GitHubUpdates.m in Sources */,
				A2285B9B22E05E64006B8C32 /* GitHubReleaseAsset.m in Sources */,
				A21DAFBA22D83D91002B7E52 /* HistoryMenuItem.m in Sources */,
				A2285BAA22E05E64006B8C32 /* GitHubInstallWindowController.m in Sources */,
				A2285BA422E05E64006B8C32 /* NSMutableAttributedString+GitHubUpdates.m in Sources */,
				A2285BA522E05E64006B8C32 /* GitHubRelease.m in Sources */,
				A2285BA922E05E64006B8C32 /* NSAttributedString+GitHubUpdates.m in Sources */,
				A2285BA822E05E64006B8C32 /* GitHubProgressWindowController.m in Sources */,
				A2285BA222E05E64006B8C32 /* GitHubVersion.m in Sources */,
			);
			runOnlyForDeploymentPostprocessing = 0;
		};
/* End PBXSourcesBuildPhase section */

/* Begin PBXVariantGroup section */
		A21DAF9E22D825ED002B7E52 /* MainMenu.xib */ = {
			isa = PBXVariantGroup;
			children = (
				A21DAF9F22D825ED002B7E52 /* Base */,
			);
			name = MainMenu.xib;
			sourceTree = "<group>";
		};
		A2285B7E22E05E64006B8C32 /* GitHubProgressWindowController.xib */ = {
			isa = PBXVariantGroup;
			children = (
				A2285B7F22E05E64006B8C32 /* Base */,
			);
			name = GitHubProgressWindowController.xib;
			sourceTree = "<group>";
		};
		A2285B8022E05E64006B8C32 /* GitHubInstallWindowController.xib */ = {
			isa = PBXVariantGroup;
			children = (
				A2285B8122E05E64006B8C32 /* Base */,
			);
			name = GitHubInstallWindowController.xib;
			sourceTree = "<group>";
		};
/* End PBXVariantGroup section */

/* Begin XCBuildConfiguration section */
		A21DAFA522D825ED002B7E52 /* Debug */ = {
			isa = XCBuildConfiguration;
			buildSettings = {
				ALWAYS_SEARCH_USER_PATHS = NO;
				CLANG_ANALYZER_NONNULL = YES;
				CLANG_ANALYZER_NUMBER_OBJECT_CONVERSION = YES_AGGRESSIVE;
				CLANG_CXX_LANGUAGE_STANDARD = "gnu++14";
				CLANG_CXX_LIBRARY = "libc++";
				CLANG_ENABLE_MODULES = YES;
				CLANG_ENABLE_OBJC_ARC = YES;
				CLANG_ENABLE_OBJC_WEAK = YES;
				CLANG_WARN_BLOCK_CAPTURE_AUTORELEASING = YES;
				CLANG_WARN_BOOL_CONVERSION = YES;
				CLANG_WARN_COMMA = YES;
				CLANG_WARN_CONSTANT_CONVERSION = YES;
				CLANG_WARN_DEPRECATED_OBJC_IMPLEMENTATIONS = YES;
				CLANG_WARN_DIRECT_OBJC_ISA_USAGE = YES_ERROR;
				CLANG_WARN_DOCUMENTATION_COMMENTS = YES;
				CLANG_WARN_EMPTY_BODY = YES;
				CLANG_WARN_ENUM_CONVERSION = YES;
				CLANG_WARN_INFINITE_RECURSION = YES;
				CLANG_WARN_INT_CONVERSION = YES;
				CLANG_WARN_NON_LITERAL_NULL_CONVERSION = YES;
				CLANG_WARN_OBJC_IMPLICIT_RETAIN_SELF = YES;
				CLANG_WARN_OBJC_LITERAL_CONVERSION = YES;
				CLANG_WARN_OBJC_ROOT_CLASS = YES_ERROR;
				CLANG_WARN_RANGE_LOOP_ANALYSIS = YES;
				CLANG_WARN_STRICT_PROTOTYPES = YES;
				CLANG_WARN_SUSPICIOUS_MOVE = YES;
				CLANG_WARN_UNGUARDED_AVAILABILITY = YES_AGGRESSIVE;
				CLANG_WARN_UNREACHABLE_CODE = YES;
				CLANG_WARN__DUPLICATE_METHOD_MATCH = YES;
				CODE_SIGN_IDENTITY = "-";
				COPY_PHASE_STRIP = NO;
				DEBUG_INFORMATION_FORMAT = dwarf;
				ENABLE_STRICT_OBJC_MSGSEND = YES;
				ENABLE_TESTABILITY = YES;
				GCC_C_LANGUAGE_STANDARD = gnu11;
				GCC_DYNAMIC_NO_PIC = NO;
				GCC_NO_COMMON_BLOCKS = YES;
				GCC_OPTIMIZATION_LEVEL = 0;
				GCC_PREPROCESSOR_DEFINITIONS = (
					"DEBUG=1",
					"$(inherited)",
				);
				GCC_WARN_64_TO_32_BIT_CONVERSION = YES;
				GCC_WARN_ABOUT_RETURN_TYPE = YES_ERROR;
				GCC_WARN_UNDECLARED_SELECTOR = YES;
				GCC_WARN_UNINITIALIZED_AUTOS = YES_AGGRESSIVE;
				GCC_WARN_UNUSED_FUNCTION = YES;
				GCC_WARN_UNUSED_VARIABLE = YES;
				MACOSX_DEPLOYMENT_TARGET = 10.9;
				MTL_ENABLE_DEBUG_INFO = INCLUDE_SOURCE;
				MTL_FAST_MATH = YES;
				ONLY_ACTIVE_ARCH = YES;
				SDKROOT = macosx;
			};
			name = Debug;
		};
		A21DAFA622D825ED002B7E52 /* Release */ = {
			isa = XCBuildConfiguration;
			buildSettings = {
				ALWAYS_SEARCH_USER_PATHS = NO;
				CLANG_ANALYZER_NONNULL = YES;
				CLANG_ANALYZER_NUMBER_OBJECT_CONVERSION = YES_AGGRESSIVE;
				CLANG_CXX_LANGUAGE_STANDARD = "gnu++14";
				CLANG_CXX_LIBRARY = "libc++";
				CLANG_ENABLE_MODULES = YES;
				CLANG_ENABLE_OBJC_ARC = YES;
				CLANG_ENABLE_OBJC_WEAK = YES;
				CLANG_WARN_BLOCK_CAPTURE_AUTORELEASING = YES;
				CLANG_WARN_BOOL_CONVERSION = YES;
				CLANG_WARN_COMMA = YES;
				CLANG_WARN_CONSTANT_CONVERSION = YES;
				CLANG_WARN_DEPRECATED_OBJC_IMPLEMENTATIONS = YES;
				CLANG_WARN_DIRECT_OBJC_ISA_USAGE = YES_ERROR;
				CLANG_WARN_DOCUMENTATION_COMMENTS = YES;
				CLANG_WARN_EMPTY_BODY = YES;
				CLANG_WARN_ENUM_CONVERSION = YES;
				CLANG_WARN_INFINITE_RECURSION = YES;
				CLANG_WARN_INT_CONVERSION = YES;
				CLANG_WARN_NON_LITERAL_NULL_CONVERSION = YES;
				CLANG_WARN_OBJC_IMPLICIT_RETAIN_SELF = YES;
				CLANG_WARN_OBJC_LITERAL_CONVERSION = YES;
				CLANG_WARN_OBJC_ROOT_CLASS = YES_ERROR;
				CLANG_WARN_RANGE_LOOP_ANALYSIS = YES;
				CLANG_WARN_STRICT_PROTOTYPES = YES;
				CLANG_WARN_SUSPICIOUS_MOVE = YES;
				CLANG_WARN_UNGUARDED_AVAILABILITY = YES_AGGRESSIVE;
				CLANG_WARN_UNREACHABLE_CODE = YES;
				CLANG_WARN__DUPLICATE_METHOD_MATCH = YES;
				CODE_SIGN_IDENTITY = "-";
				COPY_PHASE_STRIP = NO;
				DEBUG_INFORMATION_FORMAT = "dwarf-with-dsym";
				ENABLE_NS_ASSERTIONS = NO;
				ENABLE_STRICT_OBJC_MSGSEND = YES;
				GCC_C_LANGUAGE_STANDARD = gnu11;
				GCC_NO_COMMON_BLOCKS = YES;
				GCC_WARN_64_TO_32_BIT_CONVERSION = YES;
				GCC_WARN_ABOUT_RETURN_TYPE = YES_ERROR;
				GCC_WARN_UNDECLARED_SELECTOR = YES;
				GCC_WARN_UNINITIALIZED_AUTOS = YES_AGGRESSIVE;
				GCC_WARN_UNUSED_FUNCTION = YES;
				GCC_WARN_UNUSED_VARIABLE = YES;
				MACOSX_DEPLOYMENT_TARGET = 10.9;
				MTL_ENABLE_DEBUG_INFO = NO;
				MTL_FAST_MATH = YES;
				SDKROOT = macosx;
			};
			name = Release;
		};
		A21DAFA822D825ED002B7E52 /* Debug */ = {
			isa = XCBuildConfiguration;
			buildSettings = {
				ASSETCATALOG_COMPILER_APPICON_NAME = AppIcon;
				CODE_SIGN_STYLE = Manual;
				COMBINE_HIDPI_IMAGES = YES;
				DEVELOPMENT_TEAM = "";
				INFOPLIST_FILE = Paster/Info.plist;
				LD_RUNPATH_SEARCH_PATHS = (
					"$(inherited)",
					"@executable_path/../Frameworks",
				);
				MACOSX_DEPLOYMENT_TARGET = 10.10;
				PRODUCT_BUNDLE_IDENTIFIER = org.skyfox.Paster;
				PRODUCT_NAME = "$(TARGET_NAME)";
				PROVISIONING_PROFILE_SPECIFIER = "";
			};
			name = Debug;
		};
		A21DAFA922D825ED002B7E52 /* Release */ = {
			isa = XCBuildConfiguration;
			buildSettings = {
				ASSETCATALOG_COMPILER_APPICON_NAME = AppIcon;
				CODE_SIGN_STYLE = Manual;
				COMBINE_HIDPI_IMAGES = YES;
				DEVELOPMENT_TEAM = "";
				INFOPLIST_FILE = Paster/Info.plist;
				LD_RUNPATH_SEARCH_PATHS = (
					"$(inherited)",
					"@executable_path/../Frameworks",
				);
				MACOSX_DEPLOYMENT_TARGET = 10.10;
				PRODUCT_BUNDLE_IDENTIFIER = org.skyfox.Paster;
				PRODUCT_NAME = "$(TARGET_NAME)";
				PROVISIONING_PROFILE_SPECIFIER = "";
			};
			name = Release;
		};
/* End XCBuildConfiguration section */

/* Begin XCConfigurationList section */
		A21DAF9122D825EB002B7E52 /* Build configuration list for PBXProject "Paster" */ = {
			isa = XCConfigurationList;
			buildConfigurations = (
				A21DAFA522D825ED002B7E52 /* Debug */,
				A21DAFA622D825ED002B7E52 /* Release */,
			);
			defaultConfigurationIsVisible = 0;
			defaultConfigurationName = Release;
		};
		A21DAFA722D825ED002B7E52 /* Build configuration list for PBXNativeTarget "Paster" */ = {
			isa = XCConfigurationList;
			buildConfigurations = (
				A21DAFA822D825ED002B7E52 /* Debug */,
				A21DAFA922D825ED002B7E52 /* Release */,
			);
			defaultConfigurationIsVisible = 0;
			defaultConfigurationName = Release;
		};
/* End XCConfigurationList section */
	};
	rootObject = A21DAF8E22D825EB002B7E52 /* Project object */;
}
